
Microsoft Visual Studio Solution File, Format Version 12.00
# Visual Studio Version 17
VisualStudioVersion = 17.12.35527.113 d17.12
MinimumVisualStudioVersion = 10.0.40219.1
Project("{FAE04EC0-301F-11D3-BF4B-00C04F79EFBC}") = "task", "task\task.csproj", "{0F8EA347-5F77-4606-B3E3-EE40A72D9C76}"
EndProject
Project("{FAE04EC0-301F-11D3-BF4B-00C04F79EFBC}") = "task2", "task2\task2.csproj", "{C90FB11D-2A86-4934-9A18-47ABBB0FD4D4}"
EndProject
Project("{FAE04EC0-301F-11D3-BF4B-00C04F79EFBC}") = "task3", "task3\task3.csproj", "{2B8CE5D9-7B6D-43F4-B26C-DF7A9FF3EB9B}"
EndProject
Global
	GlobalSection(SolutionConfigurationPlatforms) = preSolution
		Debug|Any CPU = Debug|Any CPU
		Release|Any CPU = Release|Any CPU
	EndGlobalSection
	GlobalSection(ProjectConfigurationPlatforms) = postSolution
		{0F8EA347-5F77-4606-B3E3-EE40A72D9C76}.Debug|Any CPU.ActiveCfg = Debug|Any CPU
		{0F8EA347-5F77-4606-B3E3-EE40A72D9C76}.Debug|Any CPU.Build.0 = Debug|Any CPU
		{0F8EA347-5F77-4606-B3E3-EE40A72D9C76}.Release|Any CPU.ActiveCfg = Release|Any CPU
		{0F8EA347-5F77-4606-B3E3-EE40A72D9C76}.Release|Any CPU.Build.0 = Release|Any CPU
		{C90FB11D-2A86-4934-9A18-47ABBB0FD4D4}.Debug|Any CPU.ActiveCfg = Debug|Any CPU
		{C90FB11D-2A86-4934-9A18-47ABBB0FD4D4}.Debug|Any CPU.Build.0 = Debug|Any CPU
		{C90FB11D-2A86-4934-9A18-47ABBB0FD4D4}.Release|Any CPU.ActiveCfg = Release|Any CPU
		{C90FB11D-2A86-4934-9A18-47ABBB0FD4D4}.Release|Any CPU.Build.0 = Release|Any CPU
		{2B8CE5D9-7B6D-43F4-B26C-DF7A9FF3EB9B}.Debug|Any CPU.ActiveCfg = Debug|Any CPU
		{2B8CE5D9-7B6D-43F4-B26C-DF7A9FF3EB9B}.Debug|Any CPU.Build.0 = Debug|Any CPU
		{2B8CE5D9-7B6D-43F4-B26C-DF7A9FF3EB9B}.Release|Any CPU.ActiveCfg = Release|Any CPU
		{2B8CE5D9-7B6D-43F4-B26C-DF7A9FF3EB9B}.Release|Any CPU.Build.0 = Release|Any CPU
	EndGlobalSection
	GlobalSection(SolutionProperties) = preSolution
		HideSolutionNode = FALSE
	EndGlobalSection
EndGlobal
